
Microsoft Visual Studio Solution File, Format Version 12.00
# Visual Studio Version 17
VisualStudioVersion = 17.0.31903.59
MinimumVisualStudioVersion = 10.0.40219.1
Project("{9A19103F-16F7-4668-BE54-9A1E7A4F7556}") = "BuberBreakfast.Contracts", "BuberBreakfast.Contracts\BuberBreakfast.Contracts.csproj", "{47DDCD34-F765-4B2E-921F-05DA24BFB89C}"
EndProject
Project("{9A19103F-16F7-4668-BE54-9A1E7A4F7556}") = "BuberBreakfast", "BuberBreakfast\BuberBreakfast.csproj", "{98524873-85CB-4CC6-B5B3-61BBFF661B7C}"
EndProject
Global
	GlobalSection(SolutionConfigurationPlatforms) = preSolution
		Debug|Any CPU = Debug|Any CPU
		Release|Any CPU = Release|Any CPU
	EndGlobalSection
	GlobalSection(ProjectConfigurationPlatforms) = postSolution
		{47DDCD34-F765-4B2E-921F-05DA24BFB89C}.Debug|Any CPU.ActiveCfg = Debug|Any CPU
		{47DDCD34-F765-4B2E-921F-05DA24BFB89C}.Debug|Any CPU.Build.0 = Debug|Any CPU
		{47DDCD34-F765-4B2E-921F-05DA24BFB89C}.Release|Any CPU.ActiveCfg = Release|Any CPU
		{47DDCD34-F765-4B2E-921F-05DA24BFB89C}.Release|Any CPU.Build.0 = Release|Any CPU
		{98524873-85CB-4CC6-B5B3-61BBFF661B7C}.Debug|Any CPU.ActiveCfg = Debug|Any CPU
		{98524873-85CB-4CC6-B5B3-61BBFF661B7C}.Debug|Any CPU.Build.0 = Debug|Any CPU
		{98524873-85CB-4CC6-B5B3-61BBFF661B7C}.Release|Any CPU.ActiveCfg = Release|Any CPU
		{98524873-85CB-4CC6-B5B3-61BBFF661B7C}.Release|Any CPU.Build.0 = Release|Any CPU
	EndGlobalSection
	GlobalSection(SolutionProperties) = preSolution
		HideSolutionNode = FALSE
	EndGlobalSection
	GlobalSection(ExtensibilityGlobals) = postSolution
		SolutionGuid = {7437A0D0-2AAA-4F6B-939B-B1A2A2B9FC2A}
	EndGlobalSection
EndGlobal
